
Microsoft Visual Studio Solution File, Format Version 12.00
# Visual Studio Version 17
VisualStudioVersion = 17.11.35312.102
MinimumVisualStudioVersion = 10.0.40219.1
Project("{FAE04EC0-301F-11D3-BF4B-00C04F79EFBC}") = "PostSharpTests", "PostSharpTests\PostSharpTests.csproj", "{930EEE6D-F2C8-4E37-B235-1B968958AD14}"
EndProject
Global
	GlobalSection(SolutionConfigurationPlatforms) = preSolution
		Debug|Any CPU = Debug|Any CPU
		Release|Any CPU = Release|Any CPU
	EndGlobalSection
	GlobalSection(ProjectConfigurationPlatforms) = postSolution
		{930EEE6D-F2C8-4E37-B235-1B968958AD14}.Debug|Any CPU.ActiveCfg = Debug|Any CPU
		{930EEE6D-F2C8-4E37-B235-1B968958AD14}.Debug|Any CPU.Build.0 = Debug|Any CPU
		{930EEE6D-F2C8-4E37-B235-1B968958AD14}.Release|Any CPU.ActiveCfg = Release|Any CPU
		{930EEE6D-F2C8-4E37-B235-1B968958AD14}.Release|Any CPU.Build.0 = Release|Any CPU
	EndGlobalSection
	GlobalSection(SolutionProperties) = preSolution
		HideSolutionNode = FALSE
	EndGlobalSection
	GlobalSection(ExtensibilityGlobals) = postSolution
		SolutionGuid = {14287613-4EA6-491A-89C4-793249998B2E}
	EndGlobalSection
EndGlobal
